
Microsoft Visual Studio Solution File, Format Version 12.00
# Visual Studio Version 17
VisualStudioVersion = 17.7.34031.279
MinimumVisualStudioVersion = 10.0.40219.1
Project("{FAE04EC0-301F-11D3-BF4B-00C04F79EFBC}") = "TestC#", "TestC#.csproj", "{016EE6A9-AE36-47A5-AD5A-69F9740F2E07}"
EndProject
Global
	GlobalSection(SolutionConfigurationPlatforms) = preSolution
		Debug|Any CPU = Debug|Any CPU
		Release|Any CPU = Release|Any CPU
	EndGlobalSection
	GlobalSection(ProjectConfigurationPlatforms) = postSolution
		{016EE6A9-AE36-47A5-AD5A-69F9740F2E07}.Debug|Any CPU.ActiveCfg = Debug|Any CPU
		{016EE6A9-AE36-47A5-AD5A-69F9740F2E07}.Debug|Any CPU.Build.0 = Debug|Any CPU
		{016EE6A9-AE36-47A5-AD5A-69F9740F2E07}.Release|Any CPU.ActiveCfg = Release|Any CPU
		{016EE6A9-AE36-47A5-AD5A-69F9740F2E07}.Release|Any CPU.Build.0 = Release|Any CPU
	EndGlobalSection
	GlobalSection(SolutionProperties) = preSolution
		HideSolutionNode = FALSE
	EndGlobalSection
	GlobalSection(ExtensibilityGlobals) = postSolution
		SolutionGuid = {B53FD0AD-89BE-4D3B-9A7E-9022B688622D}
	EndGlobalSection
EndGlobal
